
Microsoft Visual Studio Solution File, Format Version 12.00
# Visual Studio Version 17
VisualStudioVersion = 17.7.34031.279
MinimumVisualStudioVersion = 10.0.40219.1
Project("{FAE04EC0-301F-11D3-BF4B-00C04F79EFBC}") = "Assignment2_Retry", "Assignment2_Retry.csproj", "{83664F64-6AB5-4696-895A-98C3D7029C49}"
EndProject
Global
	GlobalSection(SolutionConfigurationPlatforms) = preSolution
		Debug|Any CPU = Debug|Any CPU
		Release|Any CPU = Release|Any CPU
	EndGlobalSection
	GlobalSection(ProjectConfigurationPlatforms) = postSolution
		{83664F64-6AB5-4696-895A-98C3D7029C49}.Debug|Any CPU.ActiveCfg = Debug|Any CPU
		{83664F64-6AB5-4696-895A-98C3D7029C49}.Debug|Any CPU.Build.0 = Debug|Any CPU
		{83664F64-6AB5-4696-895A-98C3D7029C49}.Release|Any CPU.ActiveCfg = Release|Any CPU
		{83664F64-6AB5-4696-895A-98C3D7029C49}.Release|Any CPU.Build.0 = Release|Any CPU
	EndGlobalSection
	GlobalSection(SolutionProperties) = preSolution
		HideSolutionNode = FALSE
	EndGlobalSection
	GlobalSection(ExtensibilityGlobals) = postSolution
		SolutionGuid = {BA31F3A4-54FC-47F8-9D54-59D87B8470BC}
	EndGlobalSection
EndGlobal
